
Microsoft Visual Studio Solution File, Format Version 12.00
# Visual Studio Version 16
VisualStudioVersion = 16.0.34031.81
MinimumVisualStudioVersion = 10.0.40219.1
Project("{FAE04EC0-301F-11D3-BF4B-00C04F79EFBC}") = "Serialization_And_Deserialization", "Serialization_And_Deserialization.csproj", "{EDB2B76E-5E8F-4030-9337-07EB46B1964B}"
EndProject
Global
	GlobalSection(SolutionConfigurationPlatforms) = preSolution
		Debug|Any CPU = Debug|Any CPU
		Release|Any CPU = Release|Any CPU
	EndGlobalSection
	GlobalSection(ProjectConfigurationPlatforms) = postSolution
		{EDB2B76E-5E8F-4030-9337-07EB46B1964B}.Debug|Any CPU.ActiveCfg = Debug|Any CPU
		{EDB2B76E-5E8F-4030-9337-07EB46B1964B}.Debug|Any CPU.Build.0 = Debug|Any CPU
		{EDB2B76E-5E8F-4030-9337-07EB46B1964B}.Release|Any CPU.ActiveCfg = Release|Any CPU
		{EDB2B76E-5E8F-4030-9337-07EB46B1964B}.Release|Any CPU.Build.0 = Release|Any CPU
	EndGlobalSection
	GlobalSection(SolutionProperties) = preSolution
		HideSolutionNode = FALSE
	EndGlobalSection
	GlobalSection(ExtensibilityGlobals) = postSolution
		SolutionGuid = {CD723955-738E-472F-85F8-F904267F05DE}
	EndGlobalSection
EndGlobal
